// !$*UTF8*$!
{
	archiveVersion = 1;
	classes = {
	};
	objectVersion = 50;
	objects = {

/* Begin PBXBuildFile section */
		4683D1FF9C8D7D2E85B74981 /* Pods_SnowShoveling.framework in Frameworks */ = {isa = PBXBuildFile; fileRef = 520392853968EB90160AD222 /* Pods_SnowShoveling.framework */; };
		D344B13D217CDC9B00AE7C02 /* DetailViewController.swift in Sources */ = {isa = PBXBuildFile; fileRef = D344B13C217CDC9B00AE7C02 /* DetailViewController.swift */; };
		D354C157218B725E00F3CF24 /* secret.swift in Sources */ = {isa = PBXBuildFile; fileRef = D354C156218B725E00F3CF24 /* secret.swift */; };
		D354C159218B738E00F3CF24 /* GoogleService-Info.plist in Resources */ = {isa = PBXBuildFile; fileRef = D354C158218B738E00F3CF24 /* GoogleService-Info.plist */; };
		D36C930221613ECC00708ECF /* AppDelegate.swift in Sources */ = {isa = PBXBuildFile; fileRef = D36C930121613ECC00708ECF /* AppDelegate.swift */; };
		D36C930421613ECC00708ECF /* FirstViewController.swift in Sources */ = {isa = PBXBuildFile; fileRef = D36C930321613ECC00708ECF /* FirstViewController.swift */; };
		D36C930921613ECC00708ECF /* Main.storyboard in Resources */ = {isa = PBXBuildFile; fileRef = D36C930721613ECC00708ECF /* Main.storyboard */; };
		D36C930B21613ED100708ECF /* Assets.xcassets in Resources */ = {isa = PBXBuildFile; fileRef = D36C930A21613ED100708ECF /* Assets.xcassets */; };
		D36C930E21613ED100708ECF /* LaunchScreen.storyboard in Resources */ = {isa = PBXBuildFile; fileRef = D36C930C21613ED100708ECF /* LaunchScreen.storyboard */; };
		D36C93182161444100708ECF /* ThirdViewController.swift in Sources */ = {isa = PBXBuildFile; fileRef = D36C93172161444100708ECF /* ThirdViewController.swift */; };
		D3A4B453216AC5E500C63887 /* FilterScreenTableViewController.swift in Sources */ = {isa = PBXBuildFile; fileRef = D3A4B452216AC5E500C63887 /* FilterScreenTableViewController.swift */; };
		D3AFF8A521988DD40087CB72 /* JobSelection.storyboard in Resources */ = {isa = PBXBuildFile; fileRef = D3AFF8A421988DD40087CB72 /* JobSelection.storyboard */; };
		D3AFF8A72198C65C0087CB72 /* Dashboard.storyboard in Resources */ = {isa = PBXBuildFile; fileRef = D3AFF8A62198C65C0087CB72 /* Dashboard.storyboard */; };
		D3AFF8A92198C6AA0087CB72 /* More.storyboard in Resources */ = {isa = PBXBuildFile; fileRef = D3AFF8A82198C6AA0087CB72 /* More.storyboard */; };
		D3D936D62185074F001BD329 /* DBDelegate.swift in Sources */ = {isa = PBXBuildFile; fileRef = D3D936D52185074F001BD329 /* DBDelegate.swift */; };
		D3D936DB21851135001BD329 /* User.swift in Sources */ = {isa = PBXBuildFile; fileRef = D3D936DA21851135001BD329 /* User.swift */; };
		D3D936DD21852AF6001BD329 /* exampleJSON.json in Resources */ = {isa = PBXBuildFile; fileRef = D3D936DC21852AF6001BD329 /* exampleJSON.json */; };
		D3EFAE32216BA46200FE98C1 /* MapTableViewCell.swift in Sources */ = {isa = PBXBuildFile; fileRef = D3EFAE31216BA46200FE98C1 /* MapTableViewCell.swift */; };
		D3EFAE34216BA71400FE98C1 /* RatingControlEditable.swift in Sources */ = {isa = PBXBuildFile; fileRef = D3EFAE33216BA71400FE98C1 /* RatingControlEditable.swift */; };
		D3FE3A2E216BDC01004C0140 /* TODO in Resources */ = {isa = PBXBuildFile; fileRef = D3FE3A2D216BDC01004C0140 /* TODO */; };
		D3FE3A30216BE246004C0140 /* JobViewController.swift in Sources */ = {isa = PBXBuildFile; fileRef = D3FE3A2F216BE246004C0140 /* JobViewController.swift */; };
		D3FE3A33216BE486004C0140 /* Job.swift in Sources */ = {isa = PBXBuildFile; fileRef = D3FE3A32216BE486004C0140 /* Job.swift */; };
/* End PBXBuildFile section */

/* Begin PBXFileReference section */
		2180ACD351833323ADCEA643 /* Pods-SnowShoveling.release.xcconfig */ = {isa = PBXFileReference; includeInIndex = 1; lastKnownFileType = text.xcconfig; name = "Pods-SnowShoveling.release.xcconfig"; path = "Pods/Target Support Files/Pods-SnowShoveling/Pods-SnowShoveling.release.xcconfig"; sourceTree = "<group>"; };
		520392853968EB90160AD222 /* Pods_SnowShoveling.framework */ = {isa = PBXFileReference; explicitFileType = wrapper.framework; includeInIndex = 0; path = Pods_SnowShoveling.framework; sourceTree = BUILT_PRODUCTS_DIR; };
		6BE1C5999DF995C6AE87CEA0 /* Pods-SnowShoveling.debug.xcconfig */ = {isa = PBXFileReference; includeInIndex = 1; lastKnownFileType = text.xcconfig; name = "Pods-SnowShoveling.debug.xcconfig"; path = "Pods/Target Support Files/Pods-SnowShoveling/Pods-SnowShoveling.debug.xcconfig"; sourceTree = "<group>"; };
		D344B13C217CDC9B00AE7C02 /* DetailViewController.swift */ = {isa = PBXFileReference; lastKnownFileType = sourcecode.swift; path = DetailViewController.swift; sourceTree = "<group>"; };
		D354C156218B725E00F3CF24 /* secret.swift */ = {isa = PBXFileReference; lastKnownFileType = sourcecode.swift; path = secret.swift; sourceTree = "<group>"; };
		D354C158218B738E00F3CF24 /* GoogleService-Info.plist */ = {isa = PBXFileReference; fileEncoding = 4; lastKnownFileType = text.plist.xml; path = "GoogleService-Info.plist"; sourceTree = "<group>"; };
		D36C92FE21613ECC00708ECF /* SnowShoveling.app */ = {isa = PBXFileReference; explicitFileType = wrapper.application; includeInIndex = 0; path = SnowShoveling.app; sourceTree = BUILT_PRODUCTS_DIR; };
		D36C930121613ECC00708ECF /* AppDelegate.swift */ = {isa = PBXFileReference; lastKnownFileType = sourcecode.swift; path = AppDelegate.swift; sourceTree = "<group>"; };
		D36C930321613ECC00708ECF /* FirstViewController.swift */ = {isa = PBXFileReference; lastKnownFileType = sourcecode.swift; path = FirstViewController.swift; sourceTree = "<group>"; };
		D36C930821613ECC00708ECF /* Base */ = {isa = PBXFileReference; lastKnownFileType = file.storyboard; name = Base; path = Base.lproj/Main.storyboard; sourceTree = "<group>"; };
		D36C930A21613ED100708ECF /* Assets.xcassets */ = {isa = PBXFileReference; lastKnownFileType = folder.assetcatalog; path = Assets.xcassets; sourceTree = "<group>"; };
		D36C930D21613ED100708ECF /* Base */ = {isa = PBXFileReference; lastKnownFileType = file.storyboard; name = Base; path = Base.lproj/LaunchScreen.storyboard; sourceTree = "<group>"; };
		D36C930F21613ED100708ECF /* Info.plist */ = {isa = PBXFileReference; lastKnownFileType = text.plist.xml; path = Info.plist; sourceTree = "<group>"; };
		D36C93172161444100708ECF /* ThirdViewController.swift */ = {isa = PBXFileReference; lastKnownFileType = sourcecode.swift; path = ThirdViewController.swift; sourceTree = "<group>"; };
		D3A4B452216AC5E500C63887 /* FilterScreenTableViewController.swift */ = {isa = PBXFileReference; lastKnownFileType = sourcecode.swift; path = FilterScreenTableViewController.swift; sourceTree = "<group>"; };
		D3AFF8A421988DD40087CB72 /* JobSelection.storyboard */ = {isa = PBXFileReference; lastKnownFileType = file.storyboard; path = JobSelection.storyboard; sourceTree = "<group>"; };
		D3AFF8A62198C65C0087CB72 /* Dashboard.storyboard */ = {isa = PBXFileReference; lastKnownFileType = file.storyboard; path = Dashboard.storyboard; sourceTree = "<group>"; };
		D3AFF8A82198C6AA0087CB72 /* More.storyboard */ = {isa = PBXFileReference; lastKnownFileType = file.storyboard; path = More.storyboard; sourceTree = "<group>"; };
		D3D936D52185074F001BD329 /* DBDelegate.swift */ = {isa = PBXFileReference; lastKnownFileType = sourcecode.swift; path = DBDelegate.swift; sourceTree = "<group>"; };
		D3D936DA21851135001BD329 /* User.swift */ = {isa = PBXFileReference; lastKnownFileType = sourcecode.swift; path = User.swift; sourceTree = "<group>"; };
		D3D936DC21852AF6001BD329 /* exampleJSON.json */ = {isa = PBXFileReference; lastKnownFileType = text.json; path = exampleJSON.json; sourceTree = "<group>"; };
		D3EFAE31216BA46200FE98C1 /* MapTableViewCell.swift */ = {isa = PBXFileReference; lastKnownFileType = sourcecode.swift; path = MapTableViewCell.swift; sourceTree = "<group>"; };
		D3EFAE33216BA71400FE98C1 /* RatingControlEditable.swift */ = {isa = PBXFileReference; lastKnownFileType = sourcecode.swift; path = RatingControlEditable.swift; sourceTree = "<group>"; };
		D3FE3A2D216BDC01004C0140 /* TODO */ = {isa = PBXFileReference; lastKnownFileType = text; path = TODO; sourceTree = "<group>"; };
		D3FE3A2F216BE246004C0140 /* JobViewController.swift */ = {isa = PBXFileReference; lastKnownFileType = sourcecode.swift; path = JobViewController.swift; sourceTree = "<group>"; };
		D3FE3A32216BE486004C0140 /* Job.swift */ = {isa = PBXFileReference; lastKnownFileType = sourcecode.swift; path = Job.swift; sourceTree = "<group>"; };
/* End PBXFileReference section */

/* Begin PBXFrameworksBuildPhase section */
		D36C92FB21613ECC00708ECF /* Frameworks */ = {
			isa = PBXFrameworksBuildPhase;
			buildActionMask = 2147483647;
			files = (
				4683D1FF9C8D7D2E85B74981 /* Pods_SnowShoveling.framework in Frameworks */,
			);
			runOnlyForDeploymentPostprocessing = 0;
		};
/* End PBXFrameworksBuildPhase section */

/* Begin PBXGroup section */
		4028D4F7EFD37298543641A2 /* Frameworks */ = {
			isa = PBXGroup;
			children = (
				520392853968EB90160AD222 /* Pods_SnowShoveling.framework */,
			);
			name = Frameworks;
			sourceTree = "<group>";
		};
		B40B10FB3C2231887C458419 /* Pods */ = {
			isa = PBXGroup;
			children = (
				6BE1C5999DF995C6AE87CEA0 /* Pods-SnowShoveling.debug.xcconfig */,
				2180ACD351833323ADCEA643 /* Pods-SnowShoveling.release.xcconfig */,
			);
			name = Pods;
			sourceTree = "<group>";
		};
		D36C92F521613ECC00708ECF = {
			isa = PBXGroup;
			children = (
				D3FE3A2D216BDC01004C0140 /* TODO */,
				D3D936DC21852AF6001BD329 /* exampleJSON.json */,
				D36C930021613ECC00708ECF /* SnowShoveling */,
				D36C92FF21613ECC00708ECF /* Products */,
				B40B10FB3C2231887C458419 /* Pods */,
				4028D4F7EFD37298543641A2 /* Frameworks */,
			);
			sourceTree = "<group>";
		};
		D36C92FF21613ECC00708ECF /* Products */ = {
			isa = PBXGroup;
			children = (
				D36C92FE21613ECC00708ECF /* SnowShoveling.app */,
			);
			name = Products;
			sourceTree = "<group>";
		};
		D36C930021613ECC00708ECF /* SnowShoveling */ = {
			isa = PBXGroup;
			children = (
				D3D936D921851004001BD329 /* Classes */,
				D36C930121613ECC00708ECF /* AppDelegate.swift */,
				D3FE3A2F216BE246004C0140 /* JobViewController.swift */,
				D3FE3A31216BE25E004C0140 /* SecondTab */,
				D36C930321613ECC00708ECF /* FirstViewController.swift */,
				D36C93172161444100708ECF /* ThirdViewController.swift */,
				D36C930721613ECC00708ECF /* Main.storyboard */,
				D36C930C21613ED100708ECF /* LaunchScreen.storyboard */,
				D3AFF8A62198C65C0087CB72 /* Dashboard.storyboard */,
				D3AFF8A421988DD40087CB72 /* JobSelection.storyboard */,
				D3AFF8A82198C6AA0087CB72 /* More.storyboard */,
				D36C930A21613ED100708ECF /* Assets.xcassets */,
				D36C930F21613ED100708ECF /* Info.plist */,
				D354C158218B738E00F3CF24 /* GoogleService-Info.plist */,
				D354C156218B725E00F3CF24 /* secret.swift */,
			);
			path = SnowShoveling;
			sourceTree = "<group>";
		};
		D3D936D921851004001BD329 /* Classes */ = {
			isa = PBXGroup;
			children = (
				D3FE3A32216BE486004C0140 /* Job.swift */,
				D3D936DA21851135001BD329 /* User.swift */,
				D3D936D52185074F001BD329 /* DBDelegate.swift */,
				D3EFAE33216BA71400FE98C1 /* RatingControlEditable.swift */,
			);
			path = Classes;
			sourceTree = "<group>";
		};
		D3FE3A31216BE25E004C0140 /* SecondTab */ = {
			isa = PBXGroup;
			children = (
				D344B13C217CDC9B00AE7C02 /* DetailViewController.swift */,
				D3A4B452216AC5E500C63887 /* FilterScreenTableViewController.swift */,
				D3EFAE31216BA46200FE98C1 /* MapTableViewCell.swift */,
			);
			path = SecondTab;
			sourceTree = "<group>";
		};
/* End PBXGroup section */

/* Begin PBXNativeTarget section */
		D36C92FD21613ECC00708ECF /* SnowShoveling */ = {
			isa = PBXNativeTarget;
			buildConfigurationList = D36C931221613ED100708ECF /* Build configuration list for PBXNativeTarget "SnowShoveling" */;
			buildPhases = (
				B94AF4DF00CA47983435CF95 /* [CP] Check Pods Manifest.lock */,
				D36C92FA21613ECC00708ECF /* Sources */,
				D36C92FB21613ECC00708ECF /* Frameworks */,
				D36C92FC21613ECC00708ECF /* Resources */,
				5D74CBF5C00AC9784D2D0765 /* [CP] Embed Pods Frameworks */,
			);
			buildRules = (
			);
			dependencies = (
			);
			name = SnowShoveling;
			productName = SnowShoveling;
			productReference = D36C92FE21613ECC00708ECF /* SnowShoveling.app */;
			productType = "com.apple.product-type.application";
		};
/* End PBXNativeTarget section */

/* Begin PBXProject section */
		D36C92F621613ECC00708ECF /* Project object */ = {
			isa = PBXProject;
			attributes = {
				LastSwiftUpdateCheck = 0940;
				LastUpgradeCheck = 0940;
				ORGANIZATIONNAME = "Sheen Patel";
				TargetAttributes = {
					D36C92FD21613ECC00708ECF = {
						CreatedOnToolsVersion = 9.4.1;
						LastSwiftMigration = 1010;
					};
				};
			};
			buildConfigurationList = D36C92F921613ECC00708ECF /* Build configuration list for PBXProject "SnowShoveling" */;
			compatibilityVersion = "Xcode 9.3";
			developmentRegion = en;
			hasScannedForEncodings = 0;
			knownRegions = (
				en,
				Base,
			);
			mainGroup = D36C92F521613ECC00708ECF;
			productRefGroup = D36C92FF21613ECC00708ECF /* Products */;
			projectDirPath = "";
			projectRoot = "";
			targets = (
				D36C92FD21613ECC00708ECF /* SnowShoveling */,
			);
		};
/* End PBXProject section */

/* Begin PBXResourcesBuildPhase section */
		D36C92FC21613ECC00708ECF /* Resources */ = {
			isa = PBXResourcesBuildPhase;
			buildActionMask = 2147483647;
			files = (
				D3D936DD21852AF6001BD329 /* exampleJSON.json in Resources */,
				D3AFF8A92198C6AA0087CB72 /* More.storyboard in Resources */,
				D36C930E21613ED100708ECF /* LaunchScreen.storyboard in Resources */,
				D36C930B21613ED100708ECF /* Assets.xcassets in Resources */,
				D3AFF8A72198C65C0087CB72 /* Dashboard.storyboard in Resources */,
				D3FE3A2E216BDC01004C0140 /* TODO in Resources */,
				D36C930921613ECC00708ECF /* Main.storyboard in Resources */,
				D3AFF8A521988DD40087CB72 /* JobSelection.storyboard in Resources */,
				D354C159218B738E00F3CF24 /* GoogleService-Info.plist in Resources */,
			);
			runOnlyForDeploymentPostprocessing = 0;
		};
/* End PBXResourcesBuildPhase section */

/* Begin PBXShellScriptBuildPhase section */
		5D74CBF5C00AC9784D2D0765 /* [CP] Embed Pods Frameworks */ = {
			isa = PBXShellScriptBuildPhase;
			buildActionMask = 2147483647;
			files = (
			);
			inputFileListPaths = (
			);
			inputPaths = (
				"${SRCROOT}/Pods/Target Support Files/Pods-SnowShoveling/Pods-SnowShoveling-frameworks.sh",
				"${BUILT_PRODUCTS_DIR}/BoringSSL/openssl.framework",
				"${BUILT_PRODUCTS_DIR}/GoogleUtilities/GoogleUtilities.framework",
				"${BUILT_PRODUCTS_DIR}/Protobuf/Protobuf.framework",
				"${BUILT_PRODUCTS_DIR}/gRPC/GRPCClient.framework",
				"${BUILT_PRODUCTS_DIR}/gRPC-C++/grpcpp.framework",
				"${BUILT_PRODUCTS_DIR}/gRPC-Core/grpc.framework",
				"${BUILT_PRODUCTS_DIR}/gRPC-ProtoRPC/ProtoRPC.framework",
				"${BUILT_PRODUCTS_DIR}/gRPC-RxLibrary/RxLibrary.framework",
				"${BUILT_PRODUCTS_DIR}/leveldb-library/leveldb.framework",
				"${BUILT_PRODUCTS_DIR}/nanopb/nanopb.framework",
			);
			name = "[CP] Embed Pods Frameworks";
			outputFileListPaths = (
			);
			outputPaths = (
				"${TARGET_BUILD_DIR}/${FRAMEWORKS_FOLDER_PATH}/openssl.framework",
				"${TARGET_BUILD_DIR}/${FRAMEWORKS_FOLDER_PATH}/GoogleUtilities.framework",
				"${TARGET_BUILD_DIR}/${FRAMEWORKS_FOLDER_PATH}/Protobuf.framework",
				"${TARGET_BUILD_DIR}/${FRAMEWORKS_FOLDER_PATH}/GRPCClient.framework",
				"${TARGET_BUILD_DIR}/${FRAMEWORKS_FOLDER_PATH}/grpcpp.framework",
				"${TARGET_BUILD_DIR}/${FRAMEWORKS_FOLDER_PATH}/grpc.framework",
				"${TARGET_BUILD_DIR}/${FRAMEWORKS_FOLDER_PATH}/ProtoRPC.framework",
				"${TARGET_BUILD_DIR}/${FRAMEWORKS_FOLDER_PATH}/RxLibrary.framework",
				"${TARGET_BUILD_DIR}/${FRAMEWORKS_FOLDER_PATH}/leveldb.framework",
				"${TARGET_BUILD_DIR}/${FRAMEWORKS_FOLDER_PATH}/nanopb.framework",
			);
			runOnlyForDeploymentPostprocessing = 0;
			shellPath = /bin/sh;
			shellScript = "\"${SRCROOT}/Pods/Target Support Files/Pods-SnowShoveling/Pods-SnowShoveling-frameworks.sh\"\n";
			showEnvVarsInLog = 0;
		};
		B94AF4DF00CA47983435CF95 /* [CP] Check Pods Manifest.lock */ = {
			isa = PBXShellScriptBuildPhase;
			buildActionMask = 2147483647;
			files = (
			);
			inputFileListPaths = (
			);
			inputPaths = (
				"${PODS_PODFILE_DIR_PATH}/Podfile.lock",
				"${PODS_ROOT}/Manifest.lock",
			);
			name = "[CP] Check Pods Manifest.lock";
			outputFileListPaths = (
			);
			outputPaths = (
				"$(DERIVED_FILE_DIR)/Pods-SnowShoveling-checkManifestLockResult.txt",
			);
			runOnlyForDeploymentPostprocessing = 0;
			shellPath = /bin/sh;
			shellScript = "diff \"${PODS_PODFILE_DIR_PATH}/Podfile.lock\" \"${PODS_ROOT}/Manifest.lock\" > /dev/null\nif [ $? != 0 ] ; then\n    # print error to STDERR\n    echo \"error: The sandbox is not in sync with the Podfile.lock. Run 'pod install' or update your CocoaPods installation.\" >&2\n    exit 1\nfi\n# This output is used by Xcode 'outputs' to avoid re-running this script phase.\necho \"SUCCESS\" > \"${SCRIPT_OUTPUT_FILE_0}\"\n";
			showEnvVarsInLog = 0;
		};
/* End PBXShellScriptBuildPhase section */

/* Begin PBXSourcesBuildPhase section */
		D36C92FA21613ECC00708ECF /* Sources */ = {
			isa = PBXSourcesBuildPhase;
			buildActionMask = 2147483647;
			files = (
				D3D936DB21851135001BD329 /* User.swift in Sources */,
				D3D936D62185074F001BD329 /* DBDelegate.swift in Sources */,
				D344B13D217CDC9B00AE7C02 /* DetailViewController.swift in Sources */,
				D3EFAE34216BA71400FE98C1 /* RatingControlEditable.swift in Sources */,
				D3FE3A30216BE246004C0140 /* JobViewController.swift in Sources */,
				D354C157218B725E00F3CF24 /* secret.swift in Sources */,
				D36C930221613ECC00708ECF /* AppDelegate.swift in Sources */,
				D3FE3A33216BE486004C0140 /* Job.swift in Sources */,
				D3EFAE32216BA46200FE98C1 /* MapTableViewCell.swift in Sources */,
				D3A4B453216AC5E500C63887 /* FilterScreenTableViewController.swift in Sources */,
				D36C93182161444100708ECF /* ThirdViewController.swift in Sources */,
				D36C930421613ECC00708ECF /* FirstViewController.swift in Sources */,
			);
			runOnlyForDeploymentPostprocessing = 0;
		};
/* End PBXSourcesBuildPhase section */

/* Begin PBXVariantGroup section */
		D36C930721613ECC00708ECF /* Main.storyboard */ = {
			isa = PBXVariantGroup;
			children = (
				D36C930821613ECC00708ECF /* Base */,
			);
			name = Main.storyboard;
			sourceTree = "<group>";
		};
		D36C930C21613ED100708ECF /* LaunchScreen.storyboard */ = {
			isa = PBXVariantGroup;
			children = (
				D36C930D21613ED100708ECF /* Base */,
			);
			name = LaunchScreen.storyboard;
			sourceTree = "<group>";
		};
/* End PBXVariantGroup section */

/* Begin XCBuildConfiguration section */
		D36C931021613ED100708ECF /* Debug */ = {
			isa = XCBuildConfiguration;
			buildSettings = {
				ALWAYS_SEARCH_USER_PATHS = NO;
				CLANG_ANALYZER_NONNULL = YES;
				CLANG_ANALYZER_NUMBER_OBJECT_CONVERSION = YES_AGGRESSIVE;
				CLANG_CXX_LANGUAGE_STANDARD = "gnu++14";
				CLANG_CXX_LIBRARY = "libc++";
				CLANG_ENABLE_MODULES = YES;
				CLANG_ENABLE_OBJC_ARC = YES;
				CLANG_ENABLE_OBJC_WEAK = YES;
				CLANG_WARN_BLOCK_CAPTURE_AUTORELEASING = YES;
				CLANG_WARN_BOOL_CONVERSION = YES;
				CLANG_WARN_COMMA = YES;
				CLANG_WARN_CONSTANT_CONVERSION = YES;
				CLANG_WARN_DEPRECATED_OBJC_IMPLEMENTATIONS = YES;
				CLANG_WARN_DIRECT_OBJC_ISA_USAGE = YES_ERROR;
				CLANG_WARN_DOCUMENTATION_COMMENTS = YES;
				CLANG_WARN_EMPTY_BODY = YES;
				CLANG_WARN_ENUM_CONVERSION = YES;
				CLANG_WARN_INFINITE_RECURSION = YES;
				CLANG_WARN_INT_CONVERSION = YES;
				CLANG_WARN_NON_LITERAL_NULL_CONVERSION = YES;
				CLANG_WARN_OBJC_IMPLICIT_RETAIN_SELF = YES;
				CLANG_WARN_OBJC_LITERAL_CONVERSION = YES;
				CLANG_WARN_OBJC_ROOT_CLASS = YES_ERROR;
				CLANG_WARN_RANGE_LOOP_ANALYSIS = YES;
				CLANG_WARN_STRICT_PROTOTYPES = YES;
				CLANG_WARN_SUSPICIOUS_MOVE = YES;
				CLANG_WARN_UNGUARDED_AVAILABILITY = YES_AGGRESSIVE;
				CLANG_WARN_UNREACHABLE_CODE = YES;
				CLANG_WARN__DUPLICATE_METHOD_MATCH = YES;
				CODE_SIGN_IDENTITY = "iPhone Developer";
				COPY_PHASE_STRIP = NO;
				DEBUG_INFORMATION_FORMAT = dwarf;
				ENABLE_STRICT_OBJC_MSGSEND = YES;
				ENABLE_TESTABILITY = YES;
				GCC_C_LANGUAGE_STANDARD = gnu11;
				GCC_DYNAMIC_NO_PIC = NO;
				GCC_NO_COMMON_BLOCKS = YES;
				GCC_OPTIMIZATION_LEVEL = 0;
				GCC_PREPROCESSOR_DEFINITIONS = (
					"DEBUG=1",
					"$(inherited)",
				);
				GCC_WARN_64_TO_32_BIT_CONVERSION = YES;
				GCC_WARN_ABOUT_RETURN_TYPE = YES_ERROR;
				GCC_WARN_UNDECLARED_SELECTOR = YES;
				GCC_WARN_UNINITIALIZED_AUTOS = YES_AGGRESSIVE;
				GCC_WARN_UNUSED_FUNCTION = YES;
				GCC_WARN_UNUSED_VARIABLE = YES;
				IPHONEOS_DEPLOYMENT_TARGET = 11.4;
				MTL_ENABLE_DEBUG_INFO = YES;
				ONLY_ACTIVE_ARCH = YES;
				SDKROOT = iphoneos;
				SWIFT_ACTIVE_COMPILATION_CONDITIONS = DEBUG;
				SWIFT_OPTIMIZATION_LEVEL = "-Onone";
			};
			name = Debug;
		};
		D36C931121613ED100708ECF /* Release */ = {
			isa = XCBuildConfiguration;
			buildSettings = {
				ALWAYS_SEARCH_USER_PATHS = NO;
				CLANG_ANALYZER_NONNULL = YES;
				CLANG_ANALYZER_NUMBER_OBJECT_CONVERSION = YES_AGGRESSIVE;
				CLANG_CXX_LANGUAGE_STANDARD = "gnu++14";
				CLANG_CXX_LIBRARY = "libc++";
				CLANG_ENABLE_MODULES = YES;
				CLANG_ENABLE_OBJC_ARC = YES;
				CLANG_ENABLE_OBJC_WEAK = YES;
				CLANG_WARN_BLOCK_CAPTURE_AUTORELEASING = YES;
				CLANG_WARN_BOOL_CONVERSION = YES;
				CLANG_WARN_COMMA = YES;
				CLANG_WARN_CONSTANT_CONVERSION = YES;
				CLANG_WARN_DEPRECATED_OBJC_IMPLEMENTATIONS = YES;
				CLANG_WARN_DIRECT_OBJC_ISA_USAGE = YES_ERROR;
				CLANG_WARN_DOCUMENTATION_COMMENTS = YES;
				CLANG_WARN_EMPTY_BODY = YES;
				CLANG_WARN_ENUM_CONVERSION = YES;
				CLANG_WARN_INFINITE_RECURSION = YES;
				CLANG_WARN_INT_CONVERSION = YES;
				CLANG_WARN_NON_LITERAL_NULL_CONVERSION = YES;
				CLANG_WARN_OBJC_IMPLICIT_RETAIN_SELF = YES;
				CLANG_WARN_OBJC_LITERAL_CONVERSION = YES;
				CLANG_WARN_OBJC_ROOT_CLASS = YES_ERROR;
				CLANG_WARN_RANGE_LOOP_ANALYSIS = YES;
				CLANG_WARN_STRICT_PROTOTYPES = YES;
				CLANG_WARN_SUSPICIOUS_MOVE = YES;
				CLANG_WARN_UNGUARDED_AVAILABILITY = YES_AGGRESSIVE;
				CLANG_WARN_UNREACHABLE_CODE = YES;
				CLANG_WARN__DUPLICATE_METHOD_MATCH = YES;
				CODE_SIGN_IDENTITY = "iPhone Developer";
				COPY_PHASE_STRIP = NO;
				DEBUG_INFORMATION_FORMAT = "dwarf-with-dsym";
				ENABLE_NS_ASSERTIONS = NO;
				ENABLE_STRICT_OBJC_MSGSEND = YES;
				GCC_C_LANGUAGE_STANDARD = gnu11;
				GCC_NO_COMMON_BLOCKS = YES;
				GCC_WARN_64_TO_32_BIT_CONVERSION = YES;
				GCC_WARN_ABOUT_RETURN_TYPE = YES_ERROR;
				GCC_WARN_UNDECLARED_SELECTOR = YES;
				GCC_WARN_UNINITIALIZED_AUTOS = YES_AGGRESSIVE;
				GCC_WARN_UNUSED_FUNCTION = YES;
				GCC_WARN_UNUSED_VARIABLE = YES;
				IPHONEOS_DEPLOYMENT_TARGET = 11.4;
				MTL_ENABLE_DEBUG_INFO = NO;
				SDKROOT = iphoneos;
				SWIFT_COMPILATION_MODE = wholemodule;
				SWIFT_OPTIMIZATION_LEVEL = "-O";
				VALIDATE_PRODUCT = YES;
			};
			name = Release;
		};
		D36C931321613ED100708ECF /* Debug */ = {
			isa = XCBuildConfiguration;
			baseConfigurationReference = 6BE1C5999DF995C6AE87CEA0 /* Pods-SnowShoveling.debug.xcconfig */;
			buildSettings = {
				ASSETCATALOG_COMPILER_APPICON_NAME = AppIcon;
				CODE_SIGN_STYLE = Automatic;
				DEVELOPMENT_TEAM = 599X49MW5N;
				INFOPLIST_FILE = SnowShoveling/Info.plist;
				IPHONEOS_DEPLOYMENT_TARGET = 12.1;
				LD_RUNPATH_SEARCH_PATHS = (
					"$(inherited)",
					"@executable_path/Frameworks",
				);
				PRODUCT_BUNDLE_IDENTIFIER = com.sheenpatel.SnowShoveling;
				PRODUCT_NAME = "$(TARGET_NAME)";
				SWIFT_VERSION = 4.2;
				TARGETED_DEVICE_FAMILY = 1;
			};
			name = Debug;
		};
		D36C931421613ED100708ECF /* Release */ = {
			isa = XCBuildConfiguration;
			baseConfigurationReference = 2180ACD351833323ADCEA643 /* Pods-SnowShoveling.release.xcconfig */;
			buildSettings = {
				ASSETCATALOG_COMPILER_APPICON_NAME = AppIcon;
				CODE_SIGN_STYLE = Automatic;
				DEVELOPMENT_TEAM = 599X49MW5N;
				INFOPLIST_FILE = SnowShoveling/Info.plist;
				IPHONEOS_DEPLOYMENT_TARGET = 12.1;
				LD_RUNPATH_SEARCH_PATHS = (
					"$(inherited)",
					"@executable_path/Frameworks",
				);
				PRODUCT_BUNDLE_IDENTIFIER = com.sheenpatel.SnowShoveling;
				PRODUCT_NAME = "$(TARGET_NAME)";
				SWIFT_VERSION = 4.2;
				TARGETED_DEVICE_FAMILY = 1;
			};
			name = Release;
		};
/* End XCBuildConfiguration section */

/* Begin XCConfigurationList section */
		D36C92F921613ECC00708ECF /* Build configuration list for PBXProject "SnowShoveling" */ = {
			isa = XCConfigurationList;
			buildConfigurations = (
				D36C931021613ED100708ECF /* Debug */,
				D36C931121613ED100708ECF /* Release */,
			);
			defaultConfigurationIsVisible = 0;
			defaultConfigurationName = Release;
		};
		D36C931221613ED100708ECF /* Build configuration list for PBXNativeTarget "SnowShoveling" */ = {
			isa = XCConfigurationList;
			buildConfigurations = (
				D36C931321613ED100708ECF /* Debug */,
				D36C931421613ED100708ECF /* Release */,
			);
			defaultConfigurationIsVisible = 0;
			defaultConfigurationName = Release;
		};
/* End XCConfigurationList section */
	};
	rootObject = D36C92F621613ECC00708ECF /* Project object */;
}
